
Microsoft Visual Studio Solution File, Format Version 12.00
# Visual Studio Version 16
VisualStudioVersion = 16.0.31729.503
MinimumVisualStudioVersion = 10.0.40219.1
Project("{FAE04EC0-301F-11D3-BF4B-00C04F79EFBC}") = "TicTacToe", "TicTacToe\TicTacToe.csproj", "{9AEF8B4A-29AE-4FF5-9A0C-3E7F97BD8E18}"
EndProject
Global
	GlobalSection(SolutionConfigurationPlatforms) = preSolution
		Debug|Any CPU = Debug|Any CPU
		Release|Any CPU = Release|Any CPU
	EndGlobalSection
	GlobalSection(ProjectConfigurationPlatforms) = postSolution
		{9AEF8B4A-29AE-4FF5-9A0C-3E7F97BD8E18}.Debug|Any CPU.ActiveCfg = Debug|Any CPU
		{9AEF8B4A-29AE-4FF5-9A0C-3E7F97BD8E18}.Debug|Any CPU.Build.0 = Debug|Any CPU
		{9AEF8B4A-29AE-4FF5-9A0C-3E7F97BD8E18}.Release|Any CPU.ActiveCfg = Release|Any CPU
		{9AEF8B4A-29AE-4FF5-9A0C-3E7F97BD8E18}.Release|Any CPU.Build.0 = Release|Any CPU
	EndGlobalSection
	GlobalSection(SolutionProperties) = preSolution
		HideSolutionNode = FALSE
	EndGlobalSection
	GlobalSection(ExtensibilityGlobals) = postSolution
		SolutionGuid = {52879F0D-1640-4AB8-BEC5-59D6DEA39A6E}
	EndGlobalSection
EndGlobal
